
Microsoft Visual Studio Solution File, Format Version 12.00
# Visual Studio Version 17
VisualStudioVersion = 17.0.31903.59
MinimumVisualStudioVersion = 10.0.40219.1
Project("{2150E333-8FDC-42A3-9474-1A3956D46DE8}") = "Položky řešení", "Položky řešení", "{D0E96C7C-29DD-49FD-A9C2-D8ED6290489A}"
EndProject
Project("{FAE04EC0-301F-11D3-BF4B-00C04F79EFBC}") = "FrVojta.ChordPads", "FrVojta.ChordPads\FrVojta.ChordPads.csproj", "{E51D1CDD-7253-470B-9D66-629441537065}"
EndProject
Project("{FAE04EC0-301F-11D3-BF4B-00C04F79EFBC}") = "FrVojta.ChordPads.Wpf", "FrVojta.ChordPad.Wpf\FrVojta.ChordPads.Wpf.csproj", "{AA334051-3BAF-4FB1-889F-462993C5D1F1}"
EndProject
Global
	GlobalSection(SolutionConfigurationPlatforms) = preSolution
		Debug|Any CPU = Debug|Any CPU
		Release|Any CPU = Release|Any CPU
	EndGlobalSection
	GlobalSection(ProjectConfigurationPlatforms) = postSolution
		{E51D1CDD-7253-470B-9D66-629441537065}.Debug|Any CPU.ActiveCfg = Debug|Any CPU
		{E51D1CDD-7253-470B-9D66-629441537065}.Debug|Any CPU.Build.0 = Debug|Any CPU
		{E51D1CDD-7253-470B-9D66-629441537065}.Release|Any CPU.ActiveCfg = Release|Any CPU
		{E51D1CDD-7253-470B-9D66-629441537065}.Release|Any CPU.Build.0 = Release|Any CPU
		{AA334051-3BAF-4FB1-889F-462993C5D1F1}.Debug|Any CPU.ActiveCfg = Debug|Any CPU
		{AA334051-3BAF-4FB1-889F-462993C5D1F1}.Debug|Any CPU.Build.0 = Debug|Any CPU
		{AA334051-3BAF-4FB1-889F-462993C5D1F1}.Release|Any CPU.ActiveCfg = Release|Any CPU
		{AA334051-3BAF-4FB1-889F-462993C5D1F1}.Release|Any CPU.Build.0 = Release|Any CPU
	EndGlobalSection
	GlobalSection(SolutionProperties) = preSolution
		HideSolutionNode = FALSE
	EndGlobalSection
EndGlobal
